
Microsoft Visual Studio Solution File, Format Version 12.00
# Visual Studio Version 16
VisualStudioVersion = 16.0.31410.357
MinimumVisualStudioVersion = 10.0.40219.1
Project("{FAE04EC0-301F-11D3-BF4B-00C04F79EFBC}") = "StackOverflow Post", "StackOverflow Post.csproj", "{FDAE6FA6-13CD-4F03-BE5B-4DF4196389F9}"
EndProject
Global
	GlobalSection(SolutionConfigurationPlatforms) = preSolution
		Debug|Any CPU = Debug|Any CPU
		Release|Any CPU = Release|Any CPU
	EndGlobalSection
	GlobalSection(ProjectConfigurationPlatforms) = postSolution
		{FDAE6FA6-13CD-4F03-BE5B-4DF4196389F9}.Debug|Any CPU.ActiveCfg = Debug|Any CPU
		{FDAE6FA6-13CD-4F03-BE5B-4DF4196389F9}.Debug|Any CPU.Build.0 = Debug|Any CPU
		{FDAE6FA6-13CD-4F03-BE5B-4DF4196389F9}.Release|Any CPU.ActiveCfg = Release|Any CPU
		{FDAE6FA6-13CD-4F03-BE5B-4DF4196389F9}.Release|Any CPU.Build.0 = Release|Any CPU
	EndGlobalSection
	GlobalSection(SolutionProperties) = preSolution
		HideSolutionNode = FALSE
	EndGlobalSection
	GlobalSection(ExtensibilityGlobals) = postSolution
		SolutionGuid = {BEF58CBA-74BF-4E12-BC24-2892790B41BB}
	EndGlobalSection
EndGlobal
